{
  "name": "notsobot-ts",
  "version": "0.0.1",
  "lockfileVersion": 2,
  "requires": true,
  "packages": {
    "": {
      "name": "notsobot-ts",
      "version": "0.0.1",
      "license": "MIT",
      "dependencies": {
        "@sentry/node": "^6.4.1",
        "detritus-client": "^0.15.0",
        "emoji-aware": "^3.0.5",
        "juration": "^0.1.1",
        "moment": "^2.29.1",
        "moment-duration-format": "^2.3.2",
        "moment-timezone": "^0.5.32",
        "redis": "^3.1.2"
      },
      "devDependencies": {
        "@types/moment-duration-format": "^2.2.2",
        "@types/node": "^15.6.1",
        "@types/node-fetch": "^2.5.10",
        "@types/redis": "^2.8.28"
      }
    },
    "node_modules/@sentry/core": {
      "version": "6.4.1",
      "resolved": "https://registry.npmjs.org/@sentry/core/-/core-6.4.1.tgz",
      "integrity": "sha512-Lx13oTiP+Tjvm5VxulcCszNVd2S1wY4viSnr+ygq62ySVERR+t7uOZDSARZ0rZ259GwW6nkbMh9dDmD0d6VCGQ==",
      "dependencies": {
        "@sentry/hub": "6.4.1",
        "@sentry/minimal": "6.4.1",
        "@sentry/types": "6.4.1",
        "@sentry/utils": "6.4.1",
        "tslib": "^1.9.3"
      },
      "engines": {
        "node": ">=6"
      }
    },
    "node_modules/@sentry/hub": {
      "version": "6.4.1",
      "resolved": "https://registry.npmjs.org/@sentry/hub/-/hub-6.4.1.tgz",
      "integrity": "sha512-7IZRP5buDE6s/c3vWzzPR/ySE+8GUuHPgTEPiDCPOCWwUN11zXDafJDKkJqY3muJfebUKmC/JG67RyBx+XlnlQ==",
      "dependencies": {
        "@sentry/types": "6.4.1",
        "@sentry/utils": "6.4.1",
        "tslib": "^1.9.3"
      },
      "engines": {
        "node": ">=6"
      }
    },
    "node_modules/@sentry/minimal": {
      "version": "6.4.1",
      "resolved": "https://registry.npmjs.org/@sentry/minimal/-/minimal-6.4.1.tgz",
      "integrity": "sha512-4x/PRbDZACCKJqjta9EkhiIMyGMf7VgBX13EEWEDVWLP7ymFukBuTr4ap/Tz9429kB/yXZuDGGMIZp/G618H3g==",
      "dependencies": {
        "@sentry/hub": "6.4.1",
        "@sentry/types": "6.4.1",
        "tslib": "^1.9.3"
      },
      "engines": {
        "node": ">=6"
      }
    },
    "node_modules/@sentry/node": {
      "version": "6.4.1",
      "resolved": "https://registry.npmjs.org/@sentry/node/-/node-6.4.1.tgz",
      "integrity": "sha512-w4IFRA7UFZxKL9xVXmQU8eAjVMY/sr0fJcTV8Wma4uZqa1FQVX4p6xgfylLrcaA8VsolE3l9LRrP1XYxCVwvOw==",
      "dependencies": {
        "@sentry/core": "6.4.1",
        "@sentry/hub": "6.4.1",
        "@sentry/tracing": "6.4.1",
        "@sentry/types": "6.4.1",
        "@sentry/utils": "6.4.1",
        "cookie": "^0.4.1",
        "https-proxy-agent": "^5.0.0",
        "lru_map": "^0.3.3",
        "tslib": "^1.9.3"
      },
      "engines": {
        "node": ">=6"
      }
    },
    "node_modules/@sentry/tracing": {
      "version": "6.4.1",
      "resolved": "https://registry.npmjs.org/@sentry/tracing/-/tracing-6.4.1.tgz",
      "integrity": "sha512-EPRadE9n/wpUjx4jqP/8vXdOAZBk7vjlzRKniJgKgQUO3v03i0ui6xydaal2mvhplIyOCI2muXdGhjUO7ga4uw==",
      "dependencies": {
        "@sentry/hub": "6.4.1",
        "@sentry/minimal": "6.4.1",
        "@sentry/types": "6.4.1",
        "@sentry/utils": "6.4.1",
        "tslib": "^1.9.3"
      },
      "engines": {
        "node": ">=6"
      }
    },
    "node_modules/@sentry/types": {
      "version": "6.4.1",
      "resolved": "https://registry.npmjs.org/@sentry/types/-/types-6.4.1.tgz",
      "integrity": "sha512-sTu/GaLsLYk1AkAqpkMT4+4q665LtZjhV0hkgiTD4N3zPl5uSf1pCIzxPRYjOpe7NEANmWv8U4PaGKGtc2eMfA==",
      "engines": {
        "node": ">=6"
      }
    },
    "node_modules/@sentry/utils": {
      "version": "6.4.1",
      "resolved": "https://registry.npmjs.org/@sentry/utils/-/utils-6.4.1.tgz",
      "integrity": "sha512-xJ1uVa5fvg23pXQfulvCIBb9pQ3p1awyd1PapK2AYi+wKjTuYl4B9edmhjRREEQEExznl/d2OVm78fRXLq7M9Q==",
      "dependencies": {
        "@sentry/types": "6.4.1",
        "tslib": "^1.9.3"
      },
      "engines": {
        "node": ">=6"
      }
    },
    "node_modules/@types/moment-duration-format": {
      "version": "2.2.2",
      "resolved": "https://registry.npmjs.org/@types/moment-duration-format/-/moment-duration-format-2.2.2.tgz",
      "integrity": "sha512-CuYswsMI3y5uR5sD9i/VUqIbZrsYN2eaCs7nH3qpDl2CZlNI48mjMf4ve2RpQ/65irprtnQVetfnea9my+jqcg==",
      "dev": true,
      "dependencies": {
        "moment": ">=2.14.0"
      }
    },
    "node_modules/@types/node": {
      "version": "15.6.1",
      "resolved": "https://registry.npmjs.org/@types/node/-/node-15.6.1.tgz",
      "integrity": "sha512-7EIraBEyRHEe7CH+Fm1XvgqU6uwZN8Q7jppJGcqjROMT29qhAuuOxYB1uEY5UMYQKEmA5D+5tBnhdaPXSsLONA==",
      "dev": true
    },
    "node_modules/@types/node-fetch": {
      "version": "2.5.10",
      "resolved": "https://registry.npmjs.org/@types/node-fetch/-/node-fetch-2.5.10.tgz",
      "integrity": "sha512-IpkX0AasN44hgEad0gEF/V6EgR5n69VEqPEgnmoM8GsIGro3PowbWs4tR6IhxUTyPLpOn+fiGG6nrQhcmoCuIQ==",
      "dev": true,
      "dependencies": {
        "@types/node": "*",
        "form-data": "^3.0.0"
      }
    },
    "node_modules/@types/redis": {
      "version": "2.8.28",
      "resolved": "https://registry.npmjs.org/@types/redis/-/redis-2.8.28.tgz",
      "integrity": "sha512-8l2gr2OQ969ypa7hFOeKqtFoY70XkHxISV0pAwmQ2nm6CSPb1brmTmqJCGGrekCo+pAZyWlNXr+Kvo6L/1wijA==",
      "dev": true,
      "dependencies": {
        "@types/node": "*"
      }
    },
    "node_modules/agent-base": {
      "version": "6.0.2",
      "resolved": "https://registry.npmjs.org/agent-base/-/agent-base-6.0.2.tgz",
      "integrity": "sha512-RZNwNclF7+MS/8bDg70amg32dyeZGZxiDuQmZxKLAlQjr3jGyLx+4Kkk58UO7D2QdgFIQCovuSuZESne6RG6XQ==",
      "dependencies": {
        "debug": "4"
      },
      "engines": {
        "node": ">= 6.0.0"
      }
    },
    "node_modules/asynckit": {
      "version": "0.4.0",
      "resolved": "https://registry.npmjs.org/asynckit/-/asynckit-0.4.0.tgz",
      "integrity": "sha1-x57Zf380y48robyXkLzDZkdLS3k="
    },
    "node_modules/combined-stream": {
      "version": "1.0.8",
      "resolved": "https://registry.npmjs.org/combined-stream/-/combined-stream-1.0.8.tgz",
      "integrity": "sha512-FQN4MRfuJeHf7cBbBMJFXhKSDq+2kAArBlmRBvcvFE5BB1HZKXtSFASDhdlz9zOYwxh8lDdnvmMOe/+5cdoEdg==",
      "dependencies": {
        "delayed-stream": "~1.0.0"
      },
      "engines": {
        "node": ">= 0.8"
      }
    },
    "node_modules/cookie": {
      "version": "0.4.1",
      "resolved": "https://registry.npmjs.org/cookie/-/cookie-0.4.1.tgz",
      "integrity": "sha512-ZwrFkGJxUR3EIoXtO+yVE69Eb7KlixbaeAWfBQB9vVsNn/o+Yw69gBWSSDK825hQNdN+wF8zELf3dFNl/kxkUA==",
      "engines": {
        "node": ">= 0.6"
      }
    },
    "node_modules/debug": {
      "version": "4.3.1",
      "resolved": "https://registry.npmjs.org/debug/-/debug-4.3.1.tgz",
      "integrity": "sha512-doEwdvm4PCeK4K3RQN2ZC2BYUBaxwLARCqZmMjtF8a51J2Rb0xpVloFRnCODwqjpwnAoao4pelN8l3RJdv3gRQ==",
      "dependencies": {
        "ms": "2.1.2"
      },
      "engines": {
        "node": ">=6.0"
      },
      "peerDependenciesMeta": {
        "supports-color": {
          "optional": true
        }
      }
    },
    "node_modules/delayed-stream": {
      "version": "1.0.0",
      "resolved": "https://registry.npmjs.org/delayed-stream/-/delayed-stream-1.0.0.tgz",
      "integrity": "sha1-3zrhmayt+31ECqrgsp4icrJOxhk=",
      "engines": {
        "node": ">=0.4.0"
      }
    },
    "node_modules/denque": {
      "version": "1.5.0",
      "resolved": "https://registry.npmjs.org/denque/-/denque-1.5.0.tgz",
      "integrity": "sha512-CYiCSgIF1p6EUByQPlGkKnP1M9g0ZV3qMIrqMqZqdwazygIA/YP2vrbcyl1h/WppKJTdl1F85cXIle+394iDAQ==",
      "engines": {
        "node": ">=0.10"
      }
    },
    "node_modules/detritus-client": {
      "version": "0.15.0",
      "resolved": "https://registry.npmjs.org/detritus-client/-/detritus-client-0.15.0.tgz",
      "integrity": "sha512-mQguVueFIvcdy8bXSr4zmE4jfIVmGuwK3EiSHgZObV5hNHc6yDMiYhua/N6V3QQ+lpi0Zw1xNOktcSNx+3WGZg==",
      "dependencies": {
        "detritus-client-rest": "^0.10.0",
        "detritus-client-socket": "^0.8.0",
        "detritus-utils": "^0.4.0"
      },
      "peerDependencies": {
        "@discordjs/opus": "^0.4.0",
        "node-opus": "^0.3.3",
        "opusscript": "^0.0.7"
      },
      "peerDependenciesMeta": {
        "@discordjs/opus": {
          "optional": true
        },
        "node-opus": {
          "optional": true
        },
        "opusscript": {
          "optional": true
        }
      }
    },
    "node_modules/detritus-client-rest": {
      "version": "0.10.0",
      "resolved": "https://registry.npmjs.org/detritus-client-rest/-/detritus-client-rest-0.10.0.tgz",
      "integrity": "sha512-gIh70J/2ab7q6OWcO71VUQZZcY1iZ+6IWzoqonb835w0FrVv/A7Xy/ujntxlt8+wbgX2K1zbSB3GnxZW+HNXDA==",
      "dependencies": {
        "detritus-rest": "^0.7.0",
        "detritus-utils": "^0.4.0"
      }
    },
    "node_modules/detritus-client-socket": {
      "version": "0.8.0",
      "resolved": "https://registry.npmjs.org/detritus-client-socket/-/detritus-client-socket-0.8.0.tgz",
      "integrity": "sha512-ALdkwYE0UleIQQ35tTa+BvllpsEFtrEycHpjVdZrlat0I2vO/gKv0nUu5yZPPLmWRWyAHF9lxfgNjRC1RMG7gw==",
      "dependencies": {
        "detritus-utils": "^0.4.0",
        "ws": "^7.4.6"
      },
      "peerDependencies": {
        "erlpack": "^0.1.3",
        "libsodium-wrappers": "^0.7.8",
        "pako": "^1.0.11",
        "sodium": "^3.0.2",
        "tweetnacl": "^1.0.3",
        "uws": "10.148.1"
      },
      "peerDependenciesMeta": {
        "erlpack": {
          "optional": true
        },
        "libsodium-wrappers": {
          "optional": true
        },
        "pako": {
          "optional": true
        },
        "sodium": {
          "optional": true
        },
        "tweetnacl": {
          "optional": true
        },
        "uws": {
          "optional": true
        }
      }
    },
    "node_modules/detritus-rest": {
      "version": "0.7.0",
      "resolved": "https://registry.npmjs.org/detritus-rest/-/detritus-rest-0.7.0.tgz",
      "integrity": "sha512-T5FNXpyv5F69ZXEz6z8mWo5yiz7Mhrg+HQsZumih/uDeqf3+1AvZgNI4XLscG1D56F0o5DSyXkoOxDgd2oeTgA==",
      "dependencies": {
        "form-data": "^3.0.0",
        "node-fetch": "^2.6.1"
      }
    },
    "node_modules/detritus-utils": {
      "version": "0.4.0",
      "resolved": "https://registry.npmjs.org/detritus-utils/-/detritus-utils-0.4.0.tgz",
      "integrity": "sha512-XO9crk1eCOecajzOg4WMsvcgXV/3GAltV0nt+kXXmglwcKyh/5DpQ7jmQ/2HycEN0dGBdgLCLPzYMxrWPN9gpw==",
      "peerDependencies": {
        "eventemitter3": "^4.0.7"
      },
      "peerDependenciesMeta": {
        "eventemitter3": {
          "optional": true
        }
      }
    },
    "node_modules/emoji-aware": {
      "version": "3.0.5",
      "resolved": "https://registry.npmjs.org/emoji-aware/-/emoji-aware-3.0.5.tgz",
      "integrity": "sha512-kE19dcWho06IWEupXUIupUDsyU+aO52Aeju+EWwu2si8gfGpIYoWgWdxLmqwr/35wKdC0xT2Es05zy82IOkU4w==",
      "dependencies": {
        "lodash.flattendeep": "^4.4.0",
        "parsimmon": "^1.13.0"
      }
    },
    "node_modules/form-data": {
      "version": "3.0.1",
      "resolved": "https://registry.npmjs.org/form-data/-/form-data-3.0.1.tgz",
      "integrity": "sha512-RHkBKtLWUVwd7SqRIvCZMEvAMoGUp0XU+seQiZejj0COz3RI3hWP4sCv3gZWWLjJTd7rGwcsF5eKZGii0r/hbg==",
      "dependencies": {
        "asynckit": "^0.4.0",
        "combined-stream": "^1.0.8",
        "mime-types": "^2.1.12"
      },
      "engines": {
        "node": ">= 6"
      }
    },
    "node_modules/https-proxy-agent": {
      "version": "5.0.0",
      "resolved": "https://registry.npmjs.org/https-proxy-agent/-/https-proxy-agent-5.0.0.tgz",
      "integrity": "sha512-EkYm5BcKUGiduxzSt3Eppko+PiNWNEpa4ySk9vTC6wDsQJW9rHSa+UhGNJoRYp7bz6Ht1eaRIa6QaJqO5rCFbA==",
      "dependencies": {
        "agent-base": "6",
        "debug": "4"
      },
      "engines": {
        "node": ">= 6"
      }
    },
    "node_modules/juration": {
      "version": "0.1.1",
      "resolved": "https://registry.npmjs.org/juration/-/juration-0.1.1.tgz",
      "integrity": "sha512-8Cp4YYf5eijpzwQKD+392tFbYMWbwZ73zUs+QnbBL0+a2R5StihoMaPCjU7n/70equ+acGVbN1R+Etzu7DfBXw=="
    },
    "node_modules/lodash.flattendeep": {
      "version": "4.4.0",
      "resolved": "https://registry.npmjs.org/lodash.flattendeep/-/lodash.flattendeep-4.4.0.tgz",
      "integrity": "sha1-+wMJF/hqMTTlvJvsDWngAT3f7bI="
    },
    "node_modules/lru_map": {
      "version": "0.3.3",
      "resolved": "https://registry.npmjs.org/lru_map/-/lru_map-0.3.3.tgz",
      "integrity": "sha1-tcg1G5Rky9dQM1p5ZQoOwOVhGN0="
    },
    "node_modules/mime-db": {
      "version": "1.47.0",
      "resolved": "https://registry.npmjs.org/mime-db/-/mime-db-1.47.0.tgz",
      "integrity": "sha512-QBmA/G2y+IfeS4oktet3qRZ+P5kPhCKRXxXnQEudYqUaEioAU1/Lq2us3D/t1Jfo4hE9REQPrbB7K5sOczJVIw==",
      "engines": {
        "node": ">= 0.6"
      }
    },
    "node_modules/mime-types": {
      "version": "2.1.30",
      "resolved": "https://registry.npmjs.org/mime-types/-/mime-types-2.1.30.tgz",
      "integrity": "sha512-crmjA4bLtR8m9qLpHvgxSChT+XoSlZi8J4n/aIdn3z92e/U47Z0V/yl+Wh9W046GgFVAmoNR/fmdbZYcSSIUeg==",
      "dependencies": {
        "mime-db": "1.47.0"
      },
      "engines": {
        "node": ">= 0.6"
      }
    },
    "node_modules/moment": {
      "version": "2.29.1",
      "resolved": "https://registry.npmjs.org/moment/-/moment-2.29.1.tgz",
      "integrity": "sha512-kHmoybcPV8Sqy59DwNDY3Jefr64lK/by/da0ViFcuA4DH0vQg5Q6Ze5VimxkfQNSC+Mls/Kx53s7TjP1RhFEDQ==",
      "engines": {
        "node": "*"
      }
    },
    "node_modules/moment-duration-format": {
      "version": "2.3.2",
      "resolved": "https://registry.npmjs.org/moment-duration-format/-/moment-duration-format-2.3.2.tgz",
      "integrity": "sha512-cBMXjSW+fjOb4tyaVHuaVE/A5TqkukDWiOfxxAjY+PEqmmBQlLwn+8OzwPiG3brouXKY5Un4pBjAeB6UToXHaQ=="
    },
    "node_modules/moment-timezone": {
      "version": "0.5.33",
      "resolved": "https://registry.npmjs.org/moment-timezone/-/moment-timezone-0.5.33.tgz",
      "integrity": "sha512-PTc2vcT8K9J5/9rDEPe5czSIKgLoGsH8UNpA4qZTVw0Vd/Uz19geE9abbIOQKaAQFcnQ3v5YEXrbSc5BpshH+w==",
      "dependencies": {
        "moment": ">= 2.9.0"
      },
      "engines": {
        "node": "*"
      }
    },
    "node_modules/ms": {
      "version": "2.1.2",
      "resolved": "https://registry.npmjs.org/ms/-/ms-2.1.2.tgz",
      "integrity": "sha512-sGkPx+VjMtmA6MX27oA4FBFELFCZZ4S4XqeGOXCv68tT+jb3vk/RyaKWP0PTKyWtmLSM0b+adUTEvbs1PEaH2w=="
    },
    "node_modules/node-fetch": {
      "version": "2.6.1",
      "resolved": "https://registry.npmjs.org/node-fetch/-/node-fetch-2.6.1.tgz",
      "integrity": "sha512-V4aYg89jEoVRxRb2fJdAg8FHvI7cEyYdVAh94HH0UIK8oJxUfkjlDQN9RbMx+bEjP7+ggMiFRprSti032Oipxw==",
      "engines": {
        "node": "4.x || >=6.0.0"
      }
    },
    "node_modules/parsimmon": {
      "version": "1.16.0",
      "resolved": "https://registry.npmjs.org/parsimmon/-/parsimmon-1.16.0.tgz",
      "integrity": "sha512-tekGDz2Lny27SQ/5DzJdIK0lqsWwZ667SCLFIDCxaZM7VNgQjyKLbaL7FYPKpbjdxNAXFV/mSxkq5D2fnkW4pA=="
    },
    "node_modules/redis": {
      "version": "3.1.2",
      "resolved": "https://registry.npmjs.org/redis/-/redis-3.1.2.tgz",
      "integrity": "sha512-grn5KoZLr/qrRQVwoSkmzdbw6pwF+/rwODtrOr6vuBRiR/f3rjSTGupbF90Zpqm2oenix8Do6RV7pYEkGwlKkw==",
      "dependencies": {
        "denque": "^1.5.0",
        "redis-commands": "^1.7.0",
        "redis-errors": "^1.2.0",
        "redis-parser": "^3.0.0"
      },
      "engines": {
        "node": ">=10"
      },
      "funding": {
        "type": "opencollective",
        "url": "https://opencollective.com/node-redis"
      }
    },
    "node_modules/redis-commands": {
      "version": "1.7.0",
      "resolved": "https://registry.npmjs.org/redis-commands/-/redis-commands-1.7.0.tgz",
      "integrity": "sha512-nJWqw3bTFy21hX/CPKHth6sfhZbdiHP6bTawSgQBlKOVRG7EZkfHbbHwQJnrE4vsQf0CMNE+3gJ4Fmm16vdVlQ=="
    },
    "node_modules/redis-errors": {
      "version": "1.2.0",
      "resolved": "https://registry.npmjs.org/redis-errors/-/redis-errors-1.2.0.tgz",
      "integrity": "sha1-62LSrbFeTq9GEMBK/hUpOEJQq60=",
      "engines": {
        "node": ">=4"
      }
    },
    "node_modules/redis-parser": {
      "version": "3.0.0",
      "resolved": "https://registry.npmjs.org/redis-parser/-/redis-parser-3.0.0.tgz",
      "integrity": "sha1-tm2CjNyv5rS4pCin3vTGvKwxyLQ=",
      "dependencies": {
        "redis-errors": "^1.0.0"
      },
      "engines": {
        "node": ">=4"
      }
    },
    "node_modules/tslib": {
      "version": "1.14.1",
      "resolved": "https://registry.npmjs.org/tslib/-/tslib-1.14.1.tgz",
      "integrity": "sha512-Xni35NKzjgMrwevysHTCArtLDpPvye8zV/0E4EyYn43P7/7qvQwPh9BGkHewbMulVntbigmcT7rdX3BNo9wRJg=="
    },
    "node_modules/ws": {
      "version": "7.4.6",
      "resolved": "https://registry.npmjs.org/ws/-/ws-7.4.6.tgz",
      "integrity": "sha512-YmhHDO4MzaDLB+M9ym/mDA5z0naX8j7SIlT8f8z+I0VtzsRbekxEutHSme7NPS2qE8StCYQNUnfWdXta/Yu85A==",
      "engines": {
        "node": ">=8.3.0"
      },
      "peerDependencies": {
        "bufferutil": "^4.0.1",
        "utf-8-validate": "^5.0.2"
      },
      "peerDependenciesMeta": {
        "bufferutil": {
          "optional": true
        },
        "utf-8-validate": {
          "optional": true
        }
      }
    }
  },
  "dependencies": {
    "@sentry/core": {
      "version": "6.4.1",
      "resolved": "https://registry.npmjs.org/@sentry/core/-/core-6.4.1.tgz",
      "integrity": "sha512-Lx13oTiP+Tjvm5VxulcCszNVd2S1wY4viSnr+ygq62ySVERR+t7uOZDSARZ0rZ259GwW6nkbMh9dDmD0d6VCGQ==",
      "requires": {
        "@sentry/hub": "6.4.1",
        "@sentry/minimal": "6.4.1",
        "@sentry/types": "6.4.1",
        "@sentry/utils": "6.4.1",
        "tslib": "^1.9.3"
      }
    },
    "@sentry/hub": {
      "version": "6.4.1",
      "resolved": "https://registry.npmjs.org/@sentry/hub/-/hub-6.4.1.tgz",
      "integrity": "sha512-7IZRP5buDE6s/c3vWzzPR/ySE+8GUuHPgTEPiDCPOCWwUN11zXDafJDKkJqY3muJfebUKmC/JG67RyBx+XlnlQ==",
      "requires": {
        "@sentry/types": "6.4.1",
        "@sentry/utils": "6.4.1",
        "tslib": "^1.9.3"
      }
    },
    "@sentry/minimal": {
      "version": "6.4.1",
      "resolved": "https://registry.npmjs.org/@sentry/minimal/-/minimal-6.4.1.tgz",
      "integrity": "sha512-4x/PRbDZACCKJqjta9EkhiIMyGMf7VgBX13EEWEDVWLP7ymFukBuTr4ap/Tz9429kB/yXZuDGGMIZp/G618H3g==",
      "requires": {
        "@sentry/hub": "6.4.1",
        "@sentry/types": "6.4.1",
        "tslib": "^1.9.3"
      }
    },
    "@sentry/node": {
      "version": "6.4.1",
      "resolved": "https://registry.npmjs.org/@sentry/node/-/node-6.4.1.tgz",
      "integrity": "sha512-w4IFRA7UFZxKL9xVXmQU8eAjVMY/sr0fJcTV8Wma4uZqa1FQVX4p6xgfylLrcaA8VsolE3l9LRrP1XYxCVwvOw==",
      "requires": {
        "@sentry/core": "6.4.1",
        "@sentry/hub": "6.4.1",
        "@sentry/tracing": "6.4.1",
        "@sentry/types": "6.4.1",
        "@sentry/utils": "6.4.1",
        "cookie": "^0.4.1",
        "https-proxy-agent": "^5.0.0",
        "lru_map": "^0.3.3",
        "tslib": "^1.9.3"
      }
    },
    "@sentry/tracing": {
      "version": "6.4.1",
      "resolved": "https://registry.npmjs.org/@sentry/tracing/-/tracing-6.4.1.tgz",
      "integrity": "sha512-EPRadE9n/wpUjx4jqP/8vXdOAZBk7vjlzRKniJgKgQUO3v03i0ui6xydaal2mvhplIyOCI2muXdGhjUO7ga4uw==",
      "requires": {
        "@sentry/hub": "6.4.1",
        "@sentry/minimal": "6.4.1",
        "@sentry/types": "6.4.1",
        "@sentry/utils": "6.4.1",
        "tslib": "^1.9.3"
      }
    },
    "@sentry/types": {
      "version": "6.4.1",
      "resolved": "https://registry.npmjs.org/@sentry/types/-/types-6.4.1.tgz",
      "integrity": "sha512-sTu/GaLsLYk1AkAqpkMT4+4q665LtZjhV0hkgiTD4N3zPl5uSf1pCIzxPRYjOpe7NEANmWv8U4PaGKGtc2eMfA=="
    },
    "@sentry/utils": {
      "version": "6.4.1",
      "resolved": "https://registry.npmjs.org/@sentry/utils/-/utils-6.4.1.tgz",
      "integrity": "sha512-xJ1uVa5fvg23pXQfulvCIBb9pQ3p1awyd1PapK2AYi+wKjTuYl4B9edmhjRREEQEExznl/d2OVm78fRXLq7M9Q==",
      "requires": {
        "@sentry/types": "6.4.1",
        "tslib": "^1.9.3"
      }
    },
    "@types/moment-duration-format": {
      "version": "2.2.2",
      "resolved": "https://registry.npmjs.org/@types/moment-duration-format/-/moment-duration-format-2.2.2.tgz",
      "integrity": "sha512-CuYswsMI3y5uR5sD9i/VUqIbZrsYN2eaCs7nH3qpDl2CZlNI48mjMf4ve2RpQ/65irprtnQVetfnea9my+jqcg==",
      "dev": true,
      "requires": {
        "moment": ">=2.14.0"
      }
    },
    "@types/node": {
      "version": "15.6.1",
      "resolved": "https://registry.npmjs.org/@types/node/-/node-15.6.1.tgz",
      "integrity": "sha512-7EIraBEyRHEe7CH+Fm1XvgqU6uwZN8Q7jppJGcqjROMT29qhAuuOxYB1uEY5UMYQKEmA5D+5tBnhdaPXSsLONA==",
      "dev": true
    },
    "@types/node-fetch": {
      "version": "2.5.10",
      "resolved": "https://registry.npmjs.org/@types/node-fetch/-/node-fetch-2.5.10.tgz",
      "integrity": "sha512-IpkX0AasN44hgEad0gEF/V6EgR5n69VEqPEgnmoM8GsIGro3PowbWs4tR6IhxUTyPLpOn+fiGG6nrQhcmoCuIQ==",
      "dev": true,
      "requires": {
        "@types/node": "*",
        "form-data": "^3.0.0"
      }
    },
    "@types/redis": {
      "version": "2.8.28",
      "resolved": "https://registry.npmjs.org/@types/redis/-/redis-2.8.28.tgz",
      "integrity": "sha512-8l2gr2OQ969ypa7hFOeKqtFoY70XkHxISV0pAwmQ2nm6CSPb1brmTmqJCGGrekCo+pAZyWlNXr+Kvo6L/1wijA==",
      "dev": true,
      "requires": {
        "@types/node": "*"
      }
    },
    "agent-base": {
      "version": "6.0.2",
      "resolved": "https://registry.npmjs.org/agent-base/-/agent-base-6.0.2.tgz",
      "integrity": "sha512-RZNwNclF7+MS/8bDg70amg32dyeZGZxiDuQmZxKLAlQjr3jGyLx+4Kkk58UO7D2QdgFIQCovuSuZESne6RG6XQ==",
      "requires": {
        "debug": "4"
      }
    },
    "asynckit": {
      "version": "0.4.0",
      "resolved": "https://registry.npmjs.org/asynckit/-/asynckit-0.4.0.tgz",
      "integrity": "sha1-x57Zf380y48robyXkLzDZkdLS3k="
    },
    "combined-stream": {
      "version": "1.0.8",
      "resolved": "https://registry.npmjs.org/combined-stream/-/combined-stream-1.0.8.tgz",
      "integrity": "sha512-FQN4MRfuJeHf7cBbBMJFXhKSDq+2kAArBlmRBvcvFE5BB1HZKXtSFASDhdlz9zOYwxh8lDdnvmMOe/+5cdoEdg==",
      "requires": {
        "delayed-stream": "~1.0.0"
      }
    },
    "cookie": {
      "version": "0.4.1",
      "resolved": "https://registry.npmjs.org/cookie/-/cookie-0.4.1.tgz",
      "integrity": "sha512-ZwrFkGJxUR3EIoXtO+yVE69Eb7KlixbaeAWfBQB9vVsNn/o+Yw69gBWSSDK825hQNdN+wF8zELf3dFNl/kxkUA=="
    },
    "debug": {
      "version": "4.3.1",
      "resolved": "https://registry.npmjs.org/debug/-/debug-4.3.1.tgz",
      "integrity": "sha512-doEwdvm4PCeK4K3RQN2ZC2BYUBaxwLARCqZmMjtF8a51J2Rb0xpVloFRnCODwqjpwnAoao4pelN8l3RJdv3gRQ==",
      "requires": {
        "ms": "2.1.2"
      }
    },
    "delayed-stream": {
      "version": "1.0.0",
      "resolved": "https://registry.npmjs.org/delayed-stream/-/delayed-stream-1.0.0.tgz",
      "integrity": "sha1-3zrhmayt+31ECqrgsp4icrJOxhk="
    },
    "denque": {
      "version": "1.5.0",
      "resolved": "https://registry.npmjs.org/denque/-/denque-1.5.0.tgz",
      "integrity": "sha512-CYiCSgIF1p6EUByQPlGkKnP1M9g0ZV3qMIrqMqZqdwazygIA/YP2vrbcyl1h/WppKJTdl1F85cXIle+394iDAQ=="
    },
    "detritus-client": {
      "version": "0.15.0",
      "resolved": "https://registry.npmjs.org/detritus-client/-/detritus-client-0.15.0.tgz",
      "integrity": "sha512-mQguVueFIvcdy8bXSr4zmE4jfIVmGuwK3EiSHgZObV5hNHc6yDMiYhua/N6V3QQ+lpi0Zw1xNOktcSNx+3WGZg==",
      "requires": {
        "detritus-client-rest": "^0.10.0",
        "detritus-client-socket": "^0.8.0",
        "detritus-utils": "^0.4.0"
      }
    },
    "detritus-client-rest": {
      "version": "0.10.0",
      "resolved": "https://registry.npmjs.org/detritus-client-rest/-/detritus-client-rest-0.10.0.tgz",
      "integrity": "sha512-gIh70J/2ab7q6OWcO71VUQZZcY1iZ+6IWzoqonb835w0FrVv/A7Xy/ujntxlt8+wbgX2K1zbSB3GnxZW+HNXDA==",
      "requires": {
        "detritus-rest": "^0.7.0",
        "detritus-utils": "^0.4.0"
      }
    },
    "detritus-client-socket": {
      "version": "0.8.0",
      "resolved": "https://registry.npmjs.org/detritus-client-socket/-/detritus-client-socket-0.8.0.tgz",
      "integrity": "sha512-ALdkwYE0UleIQQ35tTa+BvllpsEFtrEycHpjVdZrlat0I2vO/gKv0nUu5yZPPLmWRWyAHF9lxfgNjRC1RMG7gw==",
      "requires": {
        "detritus-utils": "^0.4.0",
        "ws": "^7.4.6"
      }
    },
    "detritus-rest": {
      "version": "0.7.0",
      "resolved": "https://registry.npmjs.org/detritus-rest/-/detritus-rest-0.7.0.tgz",
      "integrity": "sha512-T5FNXpyv5F69ZXEz6z8mWo5yiz7Mhrg+HQsZumih/uDeqf3+1AvZgNI4XLscG1D56F0o5DSyXkoOxDgd2oeTgA==",
      "requires": {
        "form-data": "^3.0.0",
        "node-fetch": "^2.6.1"
      }
    },
    "detritus-utils": {
      "version": "0.4.0",
      "resolved": "https://registry.npmjs.org/detritus-utils/-/detritus-utils-0.4.0.tgz",
      "integrity": "sha512-XO9crk1eCOecajzOg4WMsvcgXV/3GAltV0nt+kXXmglwcKyh/5DpQ7jmQ/2HycEN0dGBdgLCLPzYMxrWPN9gpw==",
      "requires": {}
    },
    "emoji-aware": {
      "version": "3.0.5",
      "resolved": "https://registry.npmjs.org/emoji-aware/-/emoji-aware-3.0.5.tgz",
      "integrity": "sha512-kE19dcWho06IWEupXUIupUDsyU+aO52Aeju+EWwu2si8gfGpIYoWgWdxLmqwr/35wKdC0xT2Es05zy82IOkU4w==",
      "requires": {
        "lodash.flattendeep": "^4.4.0",
        "parsimmon": "^1.13.0"
      }
    },
    "form-data": {
      "version": "3.0.1",
      "resolved": "https://registry.npmjs.org/form-data/-/form-data-3.0.1.tgz",
      "integrity": "sha512-RHkBKtLWUVwd7SqRIvCZMEvAMoGUp0XU+seQiZejj0COz3RI3hWP4sCv3gZWWLjJTd7rGwcsF5eKZGii0r/hbg==",
      "requires": {
        "asynckit": "^0.4.0",
        "combined-stream": "^1.0.8",
        "mime-types": "^2.1.12"
      }
    },
    "https-proxy-agent": {
      "version": "5.0.0",
      "resolved": "https://registry.npmjs.org/https-proxy-agent/-/https-proxy-agent-5.0.0.tgz",
      "integrity": "sha512-EkYm5BcKUGiduxzSt3Eppko+PiNWNEpa4ySk9vTC6wDsQJW9rHSa+UhGNJoRYp7bz6Ht1eaRIa6QaJqO5rCFbA==",
      "requires": {
        "agent-base": "6",
        "debug": "4"
      }
    },
    "juration": {
      "version": "0.1.1",
      "resolved": "https://registry.npmjs.org/juration/-/juration-0.1.1.tgz",
      "integrity": "sha512-8Cp4YYf5eijpzwQKD+392tFbYMWbwZ73zUs+QnbBL0+a2R5StihoMaPCjU7n/70equ+acGVbN1R+Etzu7DfBXw=="
    },
    "lodash.flattendeep": {
      "version": "4.4.0",
      "resolved": "https://registry.npmjs.org/lodash.flattendeep/-/lodash.flattendeep-4.4.0.tgz",
      "integrity": "sha1-+wMJF/hqMTTlvJvsDWngAT3f7bI="
    },
    "lru_map": {
      "version": "0.3.3",
      "resolved": "https://registry.npmjs.org/lru_map/-/lru_map-0.3.3.tgz",
      "integrity": "sha1-tcg1G5Rky9dQM1p5ZQoOwOVhGN0="
    },
    "mime-db": {
      "version": "1.47.0",
      "resolved": "https://registry.npmjs.org/mime-db/-/mime-db-1.47.0.tgz",
      "integrity": "sha512-QBmA/G2y+IfeS4oktet3qRZ+P5kPhCKRXxXnQEudYqUaEioAU1/Lq2us3D/t1Jfo4hE9REQPrbB7K5sOczJVIw=="
    },
    "mime-types": {
      "version": "2.1.30",
      "resolved": "https://registry.npmjs.org/mime-types/-/mime-types-2.1.30.tgz",
      "integrity": "sha512-crmjA4bLtR8m9qLpHvgxSChT+XoSlZi8J4n/aIdn3z92e/U47Z0V/yl+Wh9W046GgFVAmoNR/fmdbZYcSSIUeg==",
      "requires": {
        "mime-db": "1.47.0"
      }
    },
    "moment": {
      "version": "2.29.1",
      "resolved": "https://registry.npmjs.org/moment/-/moment-2.29.1.tgz",
      "integrity": "sha512-kHmoybcPV8Sqy59DwNDY3Jefr64lK/by/da0ViFcuA4DH0vQg5Q6Ze5VimxkfQNSC+Mls/Kx53s7TjP1RhFEDQ=="
    },
    "moment-duration-format": {
      "version": "2.3.2",
      "resolved": "https://registry.npmjs.org/moment-duration-format/-/moment-duration-format-2.3.2.tgz",
      "integrity": "sha512-cBMXjSW+fjOb4tyaVHuaVE/A5TqkukDWiOfxxAjY+PEqmmBQlLwn+8OzwPiG3brouXKY5Un4pBjAeB6UToXHaQ=="
    },
    "moment-timezone": {
      "version": "0.5.33",
      "resolved": "https://registry.npmjs.org/moment-timezone/-/moment-timezone-0.5.33.tgz",
      "integrity": "sha512-PTc2vcT8K9J5/9rDEPe5czSIKgLoGsH8UNpA4qZTVw0Vd/Uz19geE9abbIOQKaAQFcnQ3v5YEXrbSc5BpshH+w==",
      "requires": {
        "moment": ">= 2.9.0"
      }
    },
    "ms": {
      "version": "2.1.2",
      "resolved": "https://registry.npmjs.org/ms/-/ms-2.1.2.tgz",
      "integrity": "sha512-sGkPx+VjMtmA6MX27oA4FBFELFCZZ4S4XqeGOXCv68tT+jb3vk/RyaKWP0PTKyWtmLSM0b+adUTEvbs1PEaH2w=="
    },
    "node-fetch": {
      "version": "2.6.1",
      "resolved": "https://registry.npmjs.org/node-fetch/-/node-fetch-2.6.1.tgz",
      "integrity": "sha512-V4aYg89jEoVRxRb2fJdAg8FHvI7cEyYdVAh94HH0UIK8oJxUfkjlDQN9RbMx+bEjP7+ggMiFRprSti032Oipxw=="
    },
    "parsimmon": {
      "version": "1.16.0",
      "resolved": "https://registry.npmjs.org/parsimmon/-/parsimmon-1.16.0.tgz",
      "integrity": "sha512-tekGDz2Lny27SQ/5DzJdIK0lqsWwZ667SCLFIDCxaZM7VNgQjyKLbaL7FYPKpbjdxNAXFV/mSxkq5D2fnkW4pA=="
    },
    "redis": {
      "version": "3.1.2",
      "resolved": "https://registry.npmjs.org/redis/-/redis-3.1.2.tgz",
      "integrity": "sha512-grn5KoZLr/qrRQVwoSkmzdbw6pwF+/rwODtrOr6vuBRiR/f3rjSTGupbF90Zpqm2oenix8Do6RV7pYEkGwlKkw==",
      "requires": {
        "denque": "^1.5.0",
        "redis-commands": "^1.7.0",
        "redis-errors": "^1.2.0",
        "redis-parser": "^3.0.0"
      }
    },
    "redis-commands": {
      "version": "1.7.0",
      "resolved": "https://registry.npmjs.org/redis-commands/-/redis-commands-1.7.0.tgz",
      "integrity": "sha512-nJWqw3bTFy21hX/CPKHth6sfhZbdiHP6bTawSgQBlKOVRG7EZkfHbbHwQJnrE4vsQf0CMNE+3gJ4Fmm16vdVlQ=="
    },
    "redis-errors": {
      "version": "1.2.0",
      "resolved": "https://registry.npmjs.org/redis-errors/-/redis-errors-1.2.0.tgz",
      "integrity": "sha1-62LSrbFeTq9GEMBK/hUpOEJQq60="
    },
    "redis-parser": {
      "version": "3.0.0",
      "resolved": "https://registry.npmjs.org/redis-parser/-/redis-parser-3.0.0.tgz",
      "integrity": "sha1-tm2CjNyv5rS4pCin3vTGvKwxyLQ=",
      "requires": {
        "redis-errors": "^1.0.0"
      }
    },
    "tslib": {
      "version": "1.14.1",
      "resolved": "https://registry.npmjs.org/tslib/-/tslib-1.14.1.tgz",
      "integrity": "sha512-Xni35NKzjgMrwevysHTCArtLDpPvye8zV/0E4EyYn43P7/7qvQwPh9BGkHewbMulVntbigmcT7rdX3BNo9wRJg=="
    },
    "ws": {
      "version": "7.4.6",
      "resolved": "https://registry.npmjs.org/ws/-/ws-7.4.6.tgz",
      "integrity": "sha512-YmhHDO4MzaDLB+M9ym/mDA5z0naX8j7SIlT8f8z+I0VtzsRbekxEutHSme7NPS2qE8StCYQNUnfWdXta/Yu85A==",
      "requires": {}
    }
  }
}
