{
  "name": "notsobot-ts",
  "version": "0.0.1",
  "lockfileVersion": 2,
  "requires": true,
  "packages": {
    "": {
      "name": "notsobot-ts",
      "version": "0.0.1",
      "license": "MIT",
      "dependencies": {
        "@sentry/node": "^6.19.7",
        "chrono-node": "^2.6.3",
        "detritus-client": "^0.17.0-beta.14",
        "emoji-aware": "^3.1.0",
        "juration": "^0.1.1",
        "mathjs": "^11.8.2",
        "moment": "^2.29.4",
        "moment-duration-format": "^2.3.2",
        "moment-timezone": "^0.5.43",
        "redis": "^4.1.0",
        "typescript": "^4.7.2",
        "undici": "^5.22.1"
      },
      "devDependencies": {
        "@types/moment-duration-format": "^2.2.3",
        "@types/node": "^18.15.3",
        "@types/redis": "^4.0.11"
      }
    },
    "node_modules/@babel/runtime": {
      "version": "7.22.5",
      "resolved": "https://registry.npmjs.org/@babel/runtime/-/runtime-7.22.5.tgz",
      "integrity": "sha512-ecjvYlnAaZ/KVneE/OdKYBYfgXV3Ptu6zQWmgEF7vwKhQnvVS6bjMD2XYgj+SNvQ1GfK/pjgokfPkC/2CO8CuA==",
      "dependencies": {
        "regenerator-runtime": "^0.13.11"
      },
      "engines": {
        "node": ">=6.9.0"
      }
    },
    "node_modules/@redis/bloom": {
      "version": "1.0.2",
      "resolved": "https://registry.npmjs.org/@redis/bloom/-/bloom-1.0.2.tgz",
      "integrity": "sha512-EBw7Ag1hPgFzdznK2PBblc1kdlj5B5Cw3XwI9/oG7tSn85/HKy3X9xHy/8tm/eNXJYHLXHJL/pkwBpFMVVefkw==",
      "peerDependencies": {
        "@redis/client": "^1.0.0"
      }
    },
    "node_modules/@redis/client": {
      "version": "1.1.0",
      "resolved": "https://registry.npmjs.org/@redis/client/-/client-1.1.0.tgz",
      "integrity": "sha512-xO9JDIgzsZYDl3EvFhl6LC52DP3q3GCMUer8zHgKV6qSYsq1zB+pZs9+T80VgcRogrlRYhi4ZlfX6A+bHiBAgA==",
      "dependencies": {
        "cluster-key-slot": "1.1.0",
        "generic-pool": "3.8.2",
        "yallist": "4.0.0"
      },
      "engines": {
        "node": ">=14"
      }
    },
    "node_modules/@redis/graph": {
      "version": "1.0.1",
      "resolved": "https://registry.npmjs.org/@redis/graph/-/graph-1.0.1.tgz",
      "integrity": "sha512-oDE4myMCJOCVKYMygEMWuriBgqlS5FqdWerikMoJxzmmTUErnTRRgmIDa2VcgytACZMFqpAOWDzops4DOlnkfQ==",
      "peerDependencies": {
        "@redis/client": "^1.0.0"
      }
    },
    "node_modules/@redis/json": {
      "version": "1.0.3",
      "resolved": "https://registry.npmjs.org/@redis/json/-/json-1.0.3.tgz",
      "integrity": "sha512-4X0Qv0BzD9Zlb0edkUoau5c1bInWSICqXAGrpwEltkncUwcxJIGEcVryZhLgb0p/3PkKaLIWkjhHRtLe9yiA7Q==",
      "peerDependencies": {
        "@redis/client": "^1.0.0"
      }
    },
    "node_modules/@redis/search": {
      "version": "1.0.6",
      "resolved": "https://registry.npmjs.org/@redis/search/-/search-1.0.6.tgz",
      "integrity": "sha512-pP+ZQRis5P21SD6fjyCeLcQdps+LuTzp2wdUbzxEmNhleighDDTD5ck8+cYof+WLec4csZX7ks+BuoMw0RaZrA==",
      "peerDependencies": {
        "@redis/client": "^1.0.0"
      }
    },
    "node_modules/@redis/time-series": {
      "version": "1.0.3",
      "resolved": "https://registry.npmjs.org/@redis/time-series/-/time-series-1.0.3.tgz",
      "integrity": "sha512-OFp0q4SGrTH0Mruf6oFsHGea58u8vS/iI5+NpYdicaM+7BgqBZH8FFvNZ8rYYLrUO/QRqMq72NpXmxLVNcdmjA==",
      "peerDependencies": {
        "@redis/client": "^1.0.0"
      }
    },
    "node_modules/@sentry/core": {
      "version": "6.19.7",
      "resolved": "https://registry.npmjs.org/@sentry/core/-/core-6.19.7.tgz",
      "integrity": "sha512-tOfZ/umqB2AcHPGbIrsFLcvApdTm9ggpi/kQZFkej7kMphjT+SGBiQfYtjyg9jcRW+ilAR4JXC9BGKsdEQ+8Vw==",
      "dependencies": {
        "@sentry/hub": "6.19.7",
        "@sentry/minimal": "6.19.7",
        "@sentry/types": "6.19.7",
        "@sentry/utils": "6.19.7",
        "tslib": "^1.9.3"
      },
      "engines": {
        "node": ">=6"
      }
    },
    "node_modules/@sentry/hub": {
      "version": "6.19.7",
      "resolved": "https://registry.npmjs.org/@sentry/hub/-/hub-6.19.7.tgz",
      "integrity": "sha512-y3OtbYFAqKHCWezF0EGGr5lcyI2KbaXW2Ik7Xp8Mu9TxbSTuwTe4rTntwg8ngPjUQU3SUHzgjqVB8qjiGqFXCA==",
      "dependencies": {
        "@sentry/types": "6.19.7",
        "@sentry/utils": "6.19.7",
        "tslib": "^1.9.3"
      },
      "engines": {
        "node": ">=6"
      }
    },
    "node_modules/@sentry/minimal": {
      "version": "6.19.7",
      "resolved": "https://registry.npmjs.org/@sentry/minimal/-/minimal-6.19.7.tgz",
      "integrity": "sha512-wcYmSJOdvk6VAPx8IcmZgN08XTXRwRtB1aOLZm+MVHjIZIhHoBGZJYTVQS/BWjldsamj2cX3YGbGXNunaCfYJQ==",
      "dependencies": {
        "@sentry/hub": "6.19.7",
        "@sentry/types": "6.19.7",
        "tslib": "^1.9.3"
      },
      "engines": {
        "node": ">=6"
      }
    },
    "node_modules/@sentry/node": {
      "version": "6.19.7",
      "resolved": "https://registry.npmjs.org/@sentry/node/-/node-6.19.7.tgz",
      "integrity": "sha512-gtmRC4dAXKODMpHXKfrkfvyBL3cI8y64vEi3fDD046uqYcrWdgoQsffuBbxMAizc6Ez1ia+f0Flue6p15Qaltg==",
      "dependencies": {
        "@sentry/core": "6.19.7",
        "@sentry/hub": "6.19.7",
        "@sentry/types": "6.19.7",
        "@sentry/utils": "6.19.7",
        "cookie": "^0.4.1",
        "https-proxy-agent": "^5.0.0",
        "lru_map": "^0.3.3",
        "tslib": "^1.9.3"
      },
      "engines": {
        "node": ">=6"
      }
    },
    "node_modules/@sentry/types": {
      "version": "6.19.7",
      "resolved": "https://registry.npmjs.org/@sentry/types/-/types-6.19.7.tgz",
      "integrity": "sha512-jH84pDYE+hHIbVnab3Hr+ZXr1v8QABfhx39KknxqKWr2l0oEItzepV0URvbEhB446lk/S/59230dlUUIBGsXbg==",
      "engines": {
        "node": ">=6"
      }
    },
    "node_modules/@sentry/utils": {
      "version": "6.19.7",
      "resolved": "https://registry.npmjs.org/@sentry/utils/-/utils-6.19.7.tgz",
      "integrity": "sha512-z95ECmE3i9pbWoXQrD/7PgkBAzJYR+iXtPuTkpBjDKs86O3mT+PXOT3BAn79w2wkn7/i3vOGD2xVr1uiMl26dA==",
      "dependencies": {
        "@sentry/types": "6.19.7",
        "tslib": "^1.9.3"
      },
      "engines": {
        "node": ">=6"
      }
    },
    "node_modules/@types/moment-duration-format": {
      "version": "2.2.3",
      "resolved": "https://registry.npmjs.org/@types/moment-duration-format/-/moment-duration-format-2.2.3.tgz",
      "integrity": "sha512-NQrnFOX1PTvHY8OH1aLoZntAkc2ad/1Cdl31UWIEaqBpDJ/m5SwfFBtFaX7TBLavASeLxG8DL7rm3NHKCLduaA==",
      "dev": true,
      "dependencies": {
        "moment": ">=2.14.0"
      }
    },
    "node_modules/@types/node": {
      "version": "18.15.3",
      "resolved": "https://registry.npmjs.org/@types/node/-/node-18.15.3.tgz",
      "integrity": "sha512-p6ua9zBxz5otCmbpb5D3U4B5Nanw6Pk3PPyX05xnxbB/fRv71N7CPmORg7uAD5P70T0xmx1pzAx/FUfa5X+3cw==",
      "dev": true
    },
    "node_modules/@types/redis": {
      "version": "4.0.11",
      "resolved": "https://registry.npmjs.org/@types/redis/-/redis-4.0.11.tgz",
      "integrity": "sha512-bI+gth8La8Wg/QCR1+V1fhrL9+LZUSWfcqpOj2Kc80ZQ4ffbdL173vQd5wovmoV9i071FU9oP2g6etLuEwb6Rg==",
      "deprecated": "This is a stub types definition. redis provides its own type definitions, so you do not need this installed.",
      "dev": true,
      "dependencies": {
        "redis": "*"
      }
    },
    "node_modules/agent-base": {
      "version": "6.0.2",
      "resolved": "https://registry.npmjs.org/agent-base/-/agent-base-6.0.2.tgz",
      "integrity": "sha512-RZNwNclF7+MS/8bDg70amg32dyeZGZxiDuQmZxKLAlQjr3jGyLx+4Kkk58UO7D2QdgFIQCovuSuZESne6RG6XQ==",
      "dependencies": {
        "debug": "4"
      },
      "engines": {
        "node": ">= 6.0.0"
      }
    },
    "node_modules/busboy": {
      "version": "1.6.0",
      "resolved": "https://registry.npmjs.org/busboy/-/busboy-1.6.0.tgz",
      "integrity": "sha512-8SFQbg/0hQ9xy3UNTB0YEnsNBbWfhf7RtnzpL7TkBiTBRfrQ9Fxcnz7VJsleJpyp6rVLvXiuORqjlHi5q+PYuA==",
      "dependencies": {
        "streamsearch": "^1.1.0"
      },
      "engines": {
        "node": ">=10.16.0"
      }
    },
    "node_modules/chrono-node": {
      "version": "2.6.3",
      "resolved": "https://registry.npmjs.org/chrono-node/-/chrono-node-2.6.3.tgz",
      "integrity": "sha512-VkWaaZnNulqzNH9i4XCdyI05OX6MFEnCMNKdZOR4w//wS5/E2qkwAss/O5sj6SfTZK84fX4SSOG4pzqjqIseiA==",
      "dependencies": {
        "dayjs": "^1.10.0"
      },
      "engines": {
        "node": "^12.20.0 || ^14.13.1 || >=16.0.0"
      }
    },
    "node_modules/cluster-key-slot": {
      "version": "1.1.0",
      "resolved": "https://registry.npmjs.org/cluster-key-slot/-/cluster-key-slot-1.1.0.tgz",
      "integrity": "sha512-2Nii8p3RwAPiFwsnZvukotvow2rIHM+yQ6ZcBXGHdniadkYGZYiGmkHJIbZPIV9nfv7m/U1IPMVVcAhoWFeklw==",
      "engines": {
        "node": ">=0.10.0"
      }
    },
    "node_modules/complex.js": {
      "version": "2.1.1",
      "resolved": "https://registry.npmjs.org/complex.js/-/complex.js-2.1.1.tgz",
      "integrity": "sha512-8njCHOTtFFLtegk6zQo0kkVX1rngygb/KQI6z1qZxlFI3scluC+LVTCFbrkWjBv4vvLlbQ9t88IPMC6k95VTTg==",
      "engines": {
        "node": "*"
      },
      "funding": {
        "type": "patreon",
        "url": "https://www.patreon.com/infusion"
      }
    },
    "node_modules/cookie": {
      "version": "0.4.1",
      "resolved": "https://registry.npmjs.org/cookie/-/cookie-0.4.1.tgz",
      "integrity": "sha512-ZwrFkGJxUR3EIoXtO+yVE69Eb7KlixbaeAWfBQB9vVsNn/o+Yw69gBWSSDK825hQNdN+wF8zELf3dFNl/kxkUA==",
      "engines": {
        "node": ">= 0.6"
      }
    },
    "node_modules/dayjs": {
      "version": "1.11.2",
      "resolved": "https://registry.npmjs.org/dayjs/-/dayjs-1.11.2.tgz",
      "integrity": "sha512-F4LXf1OeU9hrSYRPTTj/6FbO4HTjPKXvEIC1P2kcnFurViINCVk3ZV0xAS3XVx9MkMsXbbqlK6hjseaYbgKEHw=="
    },
    "node_modules/debug": {
      "version": "4.3.1",
      "resolved": "https://registry.npmjs.org/debug/-/debug-4.3.1.tgz",
      "integrity": "sha512-doEwdvm4PCeK4K3RQN2ZC2BYUBaxwLARCqZmMjtF8a51J2Rb0xpVloFRnCODwqjpwnAoao4pelN8l3RJdv3gRQ==",
      "dependencies": {
        "ms": "2.1.2"
      },
      "engines": {
        "node": ">=6.0"
      },
      "peerDependenciesMeta": {
        "supports-color": {
          "optional": true
        }
      }
    },
    "node_modules/decimal.js": {
      "version": "10.4.3",
      "resolved": "https://registry.npmjs.org/decimal.js/-/decimal.js-10.4.3.tgz",
      "integrity": "sha512-VBBaLc1MgL5XpzgIP7ny5Z6Nx3UrRkIViUkPUdtl9aya5amy3De1gsUUSB1g3+3sExYNjCAsAznmukyxCb1GRA=="
    },
    "node_modules/detritus-client": {
      "version": "0.17.0-beta.14",
      "resolved": "https://registry.npmjs.org/detritus-client/-/detritus-client-0.17.0-beta.14.tgz",
      "integrity": "sha512-+m5cf2725TFDac0WgEyfighFSguGxdUEgaLVCfh79UwD5PbhBYgrVzLwRfWft0ZDQcKwnUPMz1zZ8jV6VdfX+w==",
      "dependencies": {
        "detritus-client-rest": "^0.11.0-beta.4",
        "detritus-client-socket": "^0.8.4-beta.2",
        "detritus-utils": "^0.4.0"
      },
      "peerDependencies": {
        "@discordjs/opus": "^0.7.0",
        "node-opus": "^0.3.3",
        "opusscript": "^0.0.8"
      },
      "peerDependenciesMeta": {
        "@discordjs/opus": {
          "optional": true
        },
        "node-opus": {
          "optional": true
        },
        "opusscript": {
          "optional": true
        }
      }
    },
    "node_modules/detritus-client-rest": {
      "version": "0.11.0-beta.4",
      "resolved": "https://registry.npmjs.org/detritus-client-rest/-/detritus-client-rest-0.11.0-beta.4.tgz",
      "integrity": "sha512-r6hpd8+5WNZmMM9PS1I8AUbEx7HHDVP73djrLE7QoetbHpA3aDbgZNuRTtY4NO6SCaOpGV8jV2q3SaLR+B39lQ==",
      "dependencies": {
        "detritus-rest": "^0.9.0-beta.5",
        "detritus-utils": "^0.4.0"
      }
    },
    "node_modules/detritus-client-socket": {
      "version": "0.8.4-beta.2",
      "resolved": "https://registry.npmjs.org/detritus-client-socket/-/detritus-client-socket-0.8.4-beta.2.tgz",
      "integrity": "sha512-xZ3bSOELefSG/DQhJhpvSCLHAEWiwEVi6Bli2G3tsbX6Q4nGKePQDswISvJ1tnIHjY4bwzoPrFNP7YmS3C5Mkw==",
      "dependencies": {
        "detritus-utils": "^0.4.0",
        "ws": "^8.5.0"
      },
      "peerDependencies": {
        "erlpack": "^0.1.4",
        "libsodium-wrappers": "^0.7.10",
        "sodium": "^3.0.2",
        "tweetnacl": "^1.0.3",
        "uws": "10.148.1"
      },
      "peerDependenciesMeta": {
        "erlpack": {
          "optional": true
        },
        "libsodium-wrappers": {
          "optional": true
        },
        "sodium": {
          "optional": true
        },
        "tweetnacl": {
          "optional": true
        },
        "uws": {
          "optional": true
        }
      }
    },
    "node_modules/detritus-rest": {
      "version": "0.9.0-beta.5",
      "resolved": "https://registry.npmjs.org/detritus-rest/-/detritus-rest-0.9.0-beta.5.tgz",
      "integrity": "sha512-I7d5iWQNW+WGQp5CXhWiGJ/Fdd3cQRI+bilnvzB/GwbY4Qu+6D0HehqnhZS27hFOmQOCRCKxAud6Ax9mBBFxVQ==",
      "dependencies": {
        "detritus-utils": "^0.4.0",
        "undici": "^5.2.0"
      }
    },
    "node_modules/detritus-utils": {
      "version": "0.4.0",
      "resolved": "https://registry.npmjs.org/detritus-utils/-/detritus-utils-0.4.0.tgz",
      "integrity": "sha512-XO9crk1eCOecajzOg4WMsvcgXV/3GAltV0nt+kXXmglwcKyh/5DpQ7jmQ/2HycEN0dGBdgLCLPzYMxrWPN9gpw==",
      "peerDependencies": {
        "eventemitter3": "^4.0.7"
      },
      "peerDependenciesMeta": {
        "eventemitter3": {
          "optional": true
        }
      }
    },
    "node_modules/emoji-aware": {
      "version": "3.1.0",
      "resolved": "https://registry.npmjs.org/emoji-aware/-/emoji-aware-3.1.0.tgz",
      "integrity": "sha512-YMXaS6nqEhS3SyVkGIeLvj5qmn9xEIl4fgYcN49MUdR9GfCzkmPBslxkO6AB5lKagnmWp2B0QtPWik41kPWGag==",
      "dependencies": {
        "lodash.flattendeep": "^4.4.0",
        "parsimmon": "^1.18.1"
      }
    },
    "node_modules/escape-latex": {
      "version": "1.2.0",
      "resolved": "https://registry.npmjs.org/escape-latex/-/escape-latex-1.2.0.tgz",
      "integrity": "sha512-nV5aVWW1K0wEiUIEdZ4erkGGH8mDxGyxSeqPzRNtWP7ataw+/olFObw7hujFWlVjNsaDFw5VZ5NzVSIqRgfTiw=="
    },
    "node_modules/fraction.js": {
      "version": "4.2.0",
      "resolved": "https://registry.npmjs.org/fraction.js/-/fraction.js-4.2.0.tgz",
      "integrity": "sha512-MhLuK+2gUcnZe8ZHlaaINnQLl0xRIGRfcGk2yl8xoQAfHrSsL3rYu6FCmBdkdbhc9EPlwyGHewaRsvwRMJtAlA==",
      "engines": {
        "node": "*"
      },
      "funding": {
        "type": "patreon",
        "url": "https://www.patreon.com/infusion"
      }
    },
    "node_modules/generic-pool": {
      "version": "3.8.2",
      "resolved": "https://registry.npmjs.org/generic-pool/-/generic-pool-3.8.2.tgz",
      "integrity": "sha512-nGToKy6p3PAbYQ7p1UlWl6vSPwfwU6TMSWK7TTu+WUY4ZjyZQGniGGt2oNVvyNSpyZYSB43zMXVLcBm08MTMkg==",
      "engines": {
        "node": ">= 4"
      }
    },
    "node_modules/https-proxy-agent": {
      "version": "5.0.0",
      "resolved": "https://registry.npmjs.org/https-proxy-agent/-/https-proxy-agent-5.0.0.tgz",
      "integrity": "sha512-EkYm5BcKUGiduxzSt3Eppko+PiNWNEpa4ySk9vTC6wDsQJW9rHSa+UhGNJoRYp7bz6Ht1eaRIa6QaJqO5rCFbA==",
      "dependencies": {
        "agent-base": "6",
        "debug": "4"
      },
      "engines": {
        "node": ">= 6"
      }
    },
    "node_modules/javascript-natural-sort": {
      "version": "0.7.1",
      "resolved": "https://registry.npmjs.org/javascript-natural-sort/-/javascript-natural-sort-0.7.1.tgz",
      "integrity": "sha512-nO6jcEfZWQXDhOiBtG2KvKyEptz7RVbpGP4vTD2hLBdmNQSsCiicO2Ioinv6UI4y9ukqnBpy+XZ9H6uLNgJTlw=="
    },
    "node_modules/juration": {
      "version": "0.1.1",
      "resolved": "https://registry.npmjs.org/juration/-/juration-0.1.1.tgz",
      "integrity": "sha512-8Cp4YYf5eijpzwQKD+392tFbYMWbwZ73zUs+QnbBL0+a2R5StihoMaPCjU7n/70equ+acGVbN1R+Etzu7DfBXw=="
    },
    "node_modules/lodash.flattendeep": {
      "version": "4.4.0",
      "resolved": "https://registry.npmjs.org/lodash.flattendeep/-/lodash.flattendeep-4.4.0.tgz",
      "integrity": "sha1-+wMJF/hqMTTlvJvsDWngAT3f7bI="
    },
    "node_modules/lru_map": {
      "version": "0.3.3",
      "resolved": "https://registry.npmjs.org/lru_map/-/lru_map-0.3.3.tgz",
      "integrity": "sha1-tcg1G5Rky9dQM1p5ZQoOwOVhGN0="
    },
    "node_modules/mathjs": {
      "version": "11.8.2",
      "resolved": "https://registry.npmjs.org/mathjs/-/mathjs-11.8.2.tgz",
      "integrity": "sha512-ZePu0oDbM0vuFExikIMY/9syjo/jbgNbX6ti+iMdaALDuxciMCsXIslGDBEn7QCpCWYBiVCYmc0lsmk5bwHBdQ==",
      "dependencies": {
        "@babel/runtime": "^7.22.5",
        "complex.js": "^2.1.1",
        "decimal.js": "^10.4.3",
        "escape-latex": "^1.2.0",
        "fraction.js": "^4.2.0",
        "javascript-natural-sort": "^0.7.1",
        "seedrandom": "^3.0.5",
        "tiny-emitter": "^2.1.0",
        "typed-function": "^4.1.0"
      },
      "bin": {
        "mathjs": "bin/cli.js"
      },
      "engines": {
        "node": ">= 14"
      }
    },
    "node_modules/moment": {
      "version": "2.29.4",
      "resolved": "https://registry.npmjs.org/moment/-/moment-2.29.4.tgz",
      "integrity": "sha512-5LC9SOxjSc2HF6vO2CyuTDNivEdoz2IvyJJGj6X8DJ0eFyfszE0QiEd+iXmBvUP3WHxSjFH/vIsA0EN00cgr8w==",
      "engines": {
        "node": "*"
      }
    },
    "node_modules/moment-duration-format": {
      "version": "2.3.2",
      "resolved": "https://registry.npmjs.org/moment-duration-format/-/moment-duration-format-2.3.2.tgz",
      "integrity": "sha512-cBMXjSW+fjOb4tyaVHuaVE/A5TqkukDWiOfxxAjY+PEqmmBQlLwn+8OzwPiG3brouXKY5Un4pBjAeB6UToXHaQ=="
    },
    "node_modules/moment-timezone": {
      "version": "0.5.43",
      "resolved": "https://registry.npmjs.org/moment-timezone/-/moment-timezone-0.5.43.tgz",
      "integrity": "sha512-72j3aNyuIsDxdF1i7CEgV2FfxM1r6aaqJyLB2vwb33mXYyoyLly+F1zbWqhA3/bVIoJ4szlUoMbUnVdid32NUQ==",
      "dependencies": {
        "moment": "^2.29.4"
      },
      "engines": {
        "node": "*"
      }
    },
    "node_modules/ms": {
      "version": "2.1.2",
      "resolved": "https://registry.npmjs.org/ms/-/ms-2.1.2.tgz",
      "integrity": "sha512-sGkPx+VjMtmA6MX27oA4FBFELFCZZ4S4XqeGOXCv68tT+jb3vk/RyaKWP0PTKyWtmLSM0b+adUTEvbs1PEaH2w=="
    },
    "node_modules/parsimmon": {
      "version": "1.18.1",
      "resolved": "https://registry.npmjs.org/parsimmon/-/parsimmon-1.18.1.tgz",
      "integrity": "sha512-u7p959wLfGAhJpSDJVYXoyMCXWYwHia78HhRBWqk7AIbxdmlrfdp5wX0l3xv/iTSH5HvhN9K7o26hwwpgS5Nmw=="
    },
    "node_modules/redis": {
      "version": "4.1.0",
      "resolved": "https://registry.npmjs.org/redis/-/redis-4.1.0.tgz",
      "integrity": "sha512-5hvJ8wbzpCCiuN1ges6tx2SAh2XXCY0ayresBmu40/SGusWHFW86TAlIPpbimMX2DFHOX7RN34G2XlPA1Z43zg==",
      "dependencies": {
        "@redis/bloom": "1.0.2",
        "@redis/client": "1.1.0",
        "@redis/graph": "1.0.1",
        "@redis/json": "1.0.3",
        "@redis/search": "1.0.6",
        "@redis/time-series": "1.0.3"
      }
    },
    "node_modules/regenerator-runtime": {
      "version": "0.13.11",
      "resolved": "https://registry.npmjs.org/regenerator-runtime/-/regenerator-runtime-0.13.11.tgz",
      "integrity": "sha512-kY1AZVr2Ra+t+piVaJ4gxaFaReZVH40AKNo7UCX6W+dEwBo/2oZJzqfuN1qLq1oL45o56cPaTXELwrTh8Fpggg=="
    },
    "node_modules/seedrandom": {
      "version": "3.0.5",
      "resolved": "https://registry.npmjs.org/seedrandom/-/seedrandom-3.0.5.tgz",
      "integrity": "sha512-8OwmbklUNzwezjGInmZ+2clQmExQPvomqjL7LFqOYqtmuxRgQYqOD3mHaU+MvZn5FLUeVxVfQjwLZW/n/JFuqg=="
    },
    "node_modules/streamsearch": {
      "version": "1.1.0",
      "resolved": "https://registry.npmjs.org/streamsearch/-/streamsearch-1.1.0.tgz",
      "integrity": "sha512-Mcc5wHehp9aXz1ax6bZUyY5afg9u2rv5cqQI3mRrYkGC8rW2hM02jWuwjtL++LS5qinSyhj2QfLyNsuc+VsExg==",
      "engines": {
        "node": ">=10.0.0"
      }
    },
    "node_modules/tiny-emitter": {
      "version": "2.1.0",
      "resolved": "https://registry.npmjs.org/tiny-emitter/-/tiny-emitter-2.1.0.tgz",
      "integrity": "sha512-NB6Dk1A9xgQPMoGqC5CVXn123gWyte215ONT5Pp5a0yt4nlEoO1ZWeCwpncaekPHXO60i47ihFnZPiRPjRMq4Q=="
    },
    "node_modules/tslib": {
      "version": "1.14.1",
      "resolved": "https://registry.npmjs.org/tslib/-/tslib-1.14.1.tgz",
      "integrity": "sha512-Xni35NKzjgMrwevysHTCArtLDpPvye8zV/0E4EyYn43P7/7qvQwPh9BGkHewbMulVntbigmcT7rdX3BNo9wRJg=="
    },
    "node_modules/typed-function": {
      "version": "4.1.0",
      "resolved": "https://registry.npmjs.org/typed-function/-/typed-function-4.1.0.tgz",
      "integrity": "sha512-DGwUl6cioBW5gw2L+6SMupGwH/kZOqivy17E4nsh1JI9fKF87orMmlQx3KISQPmg3sfnOUGlwVkroosvgddrlg==",
      "engines": {
        "node": ">= 14"
      }
    },
    "node_modules/typescript": {
      "version": "4.7.2",
      "resolved": "https://registry.npmjs.org/typescript/-/typescript-4.7.2.tgz",
      "integrity": "sha512-Mamb1iX2FDUpcTRzltPxgWMKy3fhg0TN378ylbktPGPK/99KbDtMQ4W1hwgsbPAsG3a0xKa1vmw4VKZQbkvz5A==",
      "bin": {
        "tsc": "bin/tsc",
        "tsserver": "bin/tsserver"
      },
      "engines": {
        "node": ">=4.2.0"
      }
    },
    "node_modules/undici": {
      "version": "5.22.1",
      "resolved": "https://registry.npmjs.org/undici/-/undici-5.22.1.tgz",
      "integrity": "sha512-Ji2IJhFXZY0x/0tVBXeQwgPlLWw13GVzpsWPQ3rV50IFMMof2I55PZZxtm4P6iNq+L5znYN9nSTAq0ZyE6lSJw==",
      "dependencies": {
        "busboy": "^1.6.0"
      },
      "engines": {
        "node": ">=14.0"
      }
    },
    "node_modules/ws": {
      "version": "8.6.0",
      "resolved": "https://registry.npmjs.org/ws/-/ws-8.6.0.tgz",
      "integrity": "sha512-AzmM3aH3gk0aX7/rZLYvjdvZooofDu3fFOzGqcSnQ1tOcTWwhM/o+q++E8mAyVVIyUdajrkzWUGftaVSDLn1bw==",
      "engines": {
        "node": ">=10.0.0"
      },
      "peerDependencies": {
        "bufferutil": "^4.0.1",
        "utf-8-validate": "^5.0.2"
      },
      "peerDependenciesMeta": {
        "bufferutil": {
          "optional": true
        },
        "utf-8-validate": {
          "optional": true
        }
      }
    },
    "node_modules/yallist": {
      "version": "4.0.0",
      "resolved": "https://registry.npmjs.org/yallist/-/yallist-4.0.0.tgz",
      "integrity": "sha512-3wdGidZyq5PB084XLES5TpOSRA3wjXAlIWMhum2kRcv/41Sn2emQ0dycQW4uZXLejwKvg6EsvbdlVL+FYEct7A=="
    }
  },
  "dependencies": {
    "@babel/runtime": {
      "version": "7.22.5",
      "resolved": "https://registry.npmjs.org/@babel/runtime/-/runtime-7.22.5.tgz",
      "integrity": "sha512-ecjvYlnAaZ/KVneE/OdKYBYfgXV3Ptu6zQWmgEF7vwKhQnvVS6bjMD2XYgj+SNvQ1GfK/pjgokfPkC/2CO8CuA==",
      "requires": {
        "regenerator-runtime": "^0.13.11"
      }
    },
    "@redis/bloom": {
      "version": "1.0.2",
      "resolved": "https://registry.npmjs.org/@redis/bloom/-/bloom-1.0.2.tgz",
      "integrity": "sha512-EBw7Ag1hPgFzdznK2PBblc1kdlj5B5Cw3XwI9/oG7tSn85/HKy3X9xHy/8tm/eNXJYHLXHJL/pkwBpFMVVefkw==",
      "requires": {}
    },
    "@redis/client": {
      "version": "1.1.0",
      "resolved": "https://registry.npmjs.org/@redis/client/-/client-1.1.0.tgz",
      "integrity": "sha512-xO9JDIgzsZYDl3EvFhl6LC52DP3q3GCMUer8zHgKV6qSYsq1zB+pZs9+T80VgcRogrlRYhi4ZlfX6A+bHiBAgA==",
      "requires": {
        "cluster-key-slot": "1.1.0",
        "generic-pool": "3.8.2",
        "yallist": "4.0.0"
      }
    },
    "@redis/graph": {
      "version": "1.0.1",
      "resolved": "https://registry.npmjs.org/@redis/graph/-/graph-1.0.1.tgz",
      "integrity": "sha512-oDE4myMCJOCVKYMygEMWuriBgqlS5FqdWerikMoJxzmmTUErnTRRgmIDa2VcgytACZMFqpAOWDzops4DOlnkfQ==",
      "requires": {}
    },
    "@redis/json": {
      "version": "1.0.3",
      "resolved": "https://registry.npmjs.org/@redis/json/-/json-1.0.3.tgz",
      "integrity": "sha512-4X0Qv0BzD9Zlb0edkUoau5c1bInWSICqXAGrpwEltkncUwcxJIGEcVryZhLgb0p/3PkKaLIWkjhHRtLe9yiA7Q==",
      "requires": {}
    },
    "@redis/search": {
      "version": "1.0.6",
      "resolved": "https://registry.npmjs.org/@redis/search/-/search-1.0.6.tgz",
      "integrity": "sha512-pP+ZQRis5P21SD6fjyCeLcQdps+LuTzp2wdUbzxEmNhleighDDTD5ck8+cYof+WLec4csZX7ks+BuoMw0RaZrA==",
      "requires": {}
    },
    "@redis/time-series": {
      "version": "1.0.3",
      "resolved": "https://registry.npmjs.org/@redis/time-series/-/time-series-1.0.3.tgz",
      "integrity": "sha512-OFp0q4SGrTH0Mruf6oFsHGea58u8vS/iI5+NpYdicaM+7BgqBZH8FFvNZ8rYYLrUO/QRqMq72NpXmxLVNcdmjA==",
      "requires": {}
    },
    "@sentry/core": {
      "version": "6.19.7",
      "resolved": "https://registry.npmjs.org/@sentry/core/-/core-6.19.7.tgz",
      "integrity": "sha512-tOfZ/umqB2AcHPGbIrsFLcvApdTm9ggpi/kQZFkej7kMphjT+SGBiQfYtjyg9jcRW+ilAR4JXC9BGKsdEQ+8Vw==",
      "requires": {
        "@sentry/hub": "6.19.7",
        "@sentry/minimal": "6.19.7",
        "@sentry/types": "6.19.7",
        "@sentry/utils": "6.19.7",
        "tslib": "^1.9.3"
      }
    },
    "@sentry/hub": {
      "version": "6.19.7",
      "resolved": "https://registry.npmjs.org/@sentry/hub/-/hub-6.19.7.tgz",
      "integrity": "sha512-y3OtbYFAqKHCWezF0EGGr5lcyI2KbaXW2Ik7Xp8Mu9TxbSTuwTe4rTntwg8ngPjUQU3SUHzgjqVB8qjiGqFXCA==",
      "requires": {
        "@sentry/types": "6.19.7",
        "@sentry/utils": "6.19.7",
        "tslib": "^1.9.3"
      }
    },
    "@sentry/minimal": {
      "version": "6.19.7",
      "resolved": "https://registry.npmjs.org/@sentry/minimal/-/minimal-6.19.7.tgz",
      "integrity": "sha512-wcYmSJOdvk6VAPx8IcmZgN08XTXRwRtB1aOLZm+MVHjIZIhHoBGZJYTVQS/BWjldsamj2cX3YGbGXNunaCfYJQ==",
      "requires": {
        "@sentry/hub": "6.19.7",
        "@sentry/types": "6.19.7",
        "tslib": "^1.9.3"
      }
    },
    "@sentry/node": {
      "version": "6.19.7",
      "resolved": "https://registry.npmjs.org/@sentry/node/-/node-6.19.7.tgz",
      "integrity": "sha512-gtmRC4dAXKODMpHXKfrkfvyBL3cI8y64vEi3fDD046uqYcrWdgoQsffuBbxMAizc6Ez1ia+f0Flue6p15Qaltg==",
      "requires": {
        "@sentry/core": "6.19.7",
        "@sentry/hub": "6.19.7",
        "@sentry/types": "6.19.7",
        "@sentry/utils": "6.19.7",
        "cookie": "^0.4.1",
        "https-proxy-agent": "^5.0.0",
        "lru_map": "^0.3.3",
        "tslib": "^1.9.3"
      }
    },
    "@sentry/types": {
      "version": "6.19.7",
      "resolved": "https://registry.npmjs.org/@sentry/types/-/types-6.19.7.tgz",
      "integrity": "sha512-jH84pDYE+hHIbVnab3Hr+ZXr1v8QABfhx39KknxqKWr2l0oEItzepV0URvbEhB446lk/S/59230dlUUIBGsXbg=="
    },
    "@sentry/utils": {
      "version": "6.19.7",
      "resolved": "https://registry.npmjs.org/@sentry/utils/-/utils-6.19.7.tgz",
      "integrity": "sha512-z95ECmE3i9pbWoXQrD/7PgkBAzJYR+iXtPuTkpBjDKs86O3mT+PXOT3BAn79w2wkn7/i3vOGD2xVr1uiMl26dA==",
      "requires": {
        "@sentry/types": "6.19.7",
        "tslib": "^1.9.3"
      }
    },
    "@types/moment-duration-format": {
      "version": "2.2.3",
      "resolved": "https://registry.npmjs.org/@types/moment-duration-format/-/moment-duration-format-2.2.3.tgz",
      "integrity": "sha512-NQrnFOX1PTvHY8OH1aLoZntAkc2ad/1Cdl31UWIEaqBpDJ/m5SwfFBtFaX7TBLavASeLxG8DL7rm3NHKCLduaA==",
      "dev": true,
      "requires": {
        "moment": ">=2.14.0"
      }
    },
    "@types/node": {
      "version": "18.15.3",
      "resolved": "https://registry.npmjs.org/@types/node/-/node-18.15.3.tgz",
      "integrity": "sha512-p6ua9zBxz5otCmbpb5D3U4B5Nanw6Pk3PPyX05xnxbB/fRv71N7CPmORg7uAD5P70T0xmx1pzAx/FUfa5X+3cw==",
      "dev": true
    },
    "@types/redis": {
      "version": "4.0.11",
      "resolved": "https://registry.npmjs.org/@types/redis/-/redis-4.0.11.tgz",
      "integrity": "sha512-bI+gth8La8Wg/QCR1+V1fhrL9+LZUSWfcqpOj2Kc80ZQ4ffbdL173vQd5wovmoV9i071FU9oP2g6etLuEwb6Rg==",
      "dev": true,
      "requires": {
        "redis": "*"
      }
    },
    "agent-base": {
      "version": "6.0.2",
      "resolved": "https://registry.npmjs.org/agent-base/-/agent-base-6.0.2.tgz",
      "integrity": "sha512-RZNwNclF7+MS/8bDg70amg32dyeZGZxiDuQmZxKLAlQjr3jGyLx+4Kkk58UO7D2QdgFIQCovuSuZESne6RG6XQ==",
      "requires": {
        "debug": "4"
      }
    },
    "busboy": {
      "version": "1.6.0",
      "resolved": "https://registry.npmjs.org/busboy/-/busboy-1.6.0.tgz",
      "integrity": "sha512-8SFQbg/0hQ9xy3UNTB0YEnsNBbWfhf7RtnzpL7TkBiTBRfrQ9Fxcnz7VJsleJpyp6rVLvXiuORqjlHi5q+PYuA==",
      "requires": {
        "streamsearch": "^1.1.0"
      }
    },
    "chrono-node": {
      "version": "2.6.3",
      "resolved": "https://registry.npmjs.org/chrono-node/-/chrono-node-2.6.3.tgz",
      "integrity": "sha512-VkWaaZnNulqzNH9i4XCdyI05OX6MFEnCMNKdZOR4w//wS5/E2qkwAss/O5sj6SfTZK84fX4SSOG4pzqjqIseiA==",
      "requires": {
        "dayjs": "^1.10.0"
      }
    },
    "cluster-key-slot": {
      "version": "1.1.0",
      "resolved": "https://registry.npmjs.org/cluster-key-slot/-/cluster-key-slot-1.1.0.tgz",
      "integrity": "sha512-2Nii8p3RwAPiFwsnZvukotvow2rIHM+yQ6ZcBXGHdniadkYGZYiGmkHJIbZPIV9nfv7m/U1IPMVVcAhoWFeklw=="
    },
    "complex.js": {
      "version": "2.1.1",
      "resolved": "https://registry.npmjs.org/complex.js/-/complex.js-2.1.1.tgz",
      "integrity": "sha512-8njCHOTtFFLtegk6zQo0kkVX1rngygb/KQI6z1qZxlFI3scluC+LVTCFbrkWjBv4vvLlbQ9t88IPMC6k95VTTg=="
    },
    "cookie": {
      "version": "0.4.1",
      "resolved": "https://registry.npmjs.org/cookie/-/cookie-0.4.1.tgz",
      "integrity": "sha512-ZwrFkGJxUR3EIoXtO+yVE69Eb7KlixbaeAWfBQB9vVsNn/o+Yw69gBWSSDK825hQNdN+wF8zELf3dFNl/kxkUA=="
    },
    "dayjs": {
      "version": "1.11.2",
      "resolved": "https://registry.npmjs.org/dayjs/-/dayjs-1.11.2.tgz",
      "integrity": "sha512-F4LXf1OeU9hrSYRPTTj/6FbO4HTjPKXvEIC1P2kcnFurViINCVk3ZV0xAS3XVx9MkMsXbbqlK6hjseaYbgKEHw=="
    },
    "debug": {
      "version": "4.3.1",
      "resolved": "https://registry.npmjs.org/debug/-/debug-4.3.1.tgz",
      "integrity": "sha512-doEwdvm4PCeK4K3RQN2ZC2BYUBaxwLARCqZmMjtF8a51J2Rb0xpVloFRnCODwqjpwnAoao4pelN8l3RJdv3gRQ==",
      "requires": {
        "ms": "2.1.2"
      }
    },
    "decimal.js": {
      "version": "10.4.3",
      "resolved": "https://registry.npmjs.org/decimal.js/-/decimal.js-10.4.3.tgz",
      "integrity": "sha512-VBBaLc1MgL5XpzgIP7ny5Z6Nx3UrRkIViUkPUdtl9aya5amy3De1gsUUSB1g3+3sExYNjCAsAznmukyxCb1GRA=="
    },
    "detritus-client": {
      "version": "0.17.0-beta.14",
      "resolved": "https://registry.npmjs.org/detritus-client/-/detritus-client-0.17.0-beta.14.tgz",
      "integrity": "sha512-+m5cf2725TFDac0WgEyfighFSguGxdUEgaLVCfh79UwD5PbhBYgrVzLwRfWft0ZDQcKwnUPMz1zZ8jV6VdfX+w==",
      "requires": {
        "detritus-client-rest": "^0.11.0-beta.4",
        "detritus-client-socket": "^0.8.4-beta.2",
        "detritus-utils": "^0.4.0"
      }
    },
    "detritus-client-rest": {
      "version": "0.11.0-beta.4",
      "resolved": "https://registry.npmjs.org/detritus-client-rest/-/detritus-client-rest-0.11.0-beta.4.tgz",
      "integrity": "sha512-r6hpd8+5WNZmMM9PS1I8AUbEx7HHDVP73djrLE7QoetbHpA3aDbgZNuRTtY4NO6SCaOpGV8jV2q3SaLR+B39lQ==",
      "requires": {
        "detritus-rest": "^0.9.0-beta.5",
        "detritus-utils": "^0.4.0"
      }
    },
    "detritus-client-socket": {
      "version": "0.8.4-beta.2",
      "resolved": "https://registry.npmjs.org/detritus-client-socket/-/detritus-client-socket-0.8.4-beta.2.tgz",
      "integrity": "sha512-xZ3bSOELefSG/DQhJhpvSCLHAEWiwEVi6Bli2G3tsbX6Q4nGKePQDswISvJ1tnIHjY4bwzoPrFNP7YmS3C5Mkw==",
      "requires": {
        "detritus-utils": "^0.4.0",
        "ws": "^8.5.0"
      }
    },
    "detritus-rest": {
      "version": "0.9.0-beta.5",
      "resolved": "https://registry.npmjs.org/detritus-rest/-/detritus-rest-0.9.0-beta.5.tgz",
      "integrity": "sha512-I7d5iWQNW+WGQp5CXhWiGJ/Fdd3cQRI+bilnvzB/GwbY4Qu+6D0HehqnhZS27hFOmQOCRCKxAud6Ax9mBBFxVQ==",
      "requires": {
        "detritus-utils": "^0.4.0",
        "undici": "^5.2.0"
      }
    },
    "detritus-utils": {
      "version": "0.4.0",
      "resolved": "https://registry.npmjs.org/detritus-utils/-/detritus-utils-0.4.0.tgz",
      "integrity": "sha512-XO9crk1eCOecajzOg4WMsvcgXV/3GAltV0nt+kXXmglwcKyh/5DpQ7jmQ/2HycEN0dGBdgLCLPzYMxrWPN9gpw==",
      "requires": {}
    },
    "emoji-aware": {
      "version": "3.1.0",
      "resolved": "https://registry.npmjs.org/emoji-aware/-/emoji-aware-3.1.0.tgz",
      "integrity": "sha512-YMXaS6nqEhS3SyVkGIeLvj5qmn9xEIl4fgYcN49MUdR9GfCzkmPBslxkO6AB5lKagnmWp2B0QtPWik41kPWGag==",
      "requires": {
        "lodash.flattendeep": "^4.4.0",
        "parsimmon": "^1.18.1"
      }
    },
    "escape-latex": {
      "version": "1.2.0",
      "resolved": "https://registry.npmjs.org/escape-latex/-/escape-latex-1.2.0.tgz",
      "integrity": "sha512-nV5aVWW1K0wEiUIEdZ4erkGGH8mDxGyxSeqPzRNtWP7ataw+/olFObw7hujFWlVjNsaDFw5VZ5NzVSIqRgfTiw=="
    },
    "fraction.js": {
      "version": "4.2.0",
      "resolved": "https://registry.npmjs.org/fraction.js/-/fraction.js-4.2.0.tgz",
      "integrity": "sha512-MhLuK+2gUcnZe8ZHlaaINnQLl0xRIGRfcGk2yl8xoQAfHrSsL3rYu6FCmBdkdbhc9EPlwyGHewaRsvwRMJtAlA=="
    },
    "generic-pool": {
      "version": "3.8.2",
      "resolved": "https://registry.npmjs.org/generic-pool/-/generic-pool-3.8.2.tgz",
      "integrity": "sha512-nGToKy6p3PAbYQ7p1UlWl6vSPwfwU6TMSWK7TTu+WUY4ZjyZQGniGGt2oNVvyNSpyZYSB43zMXVLcBm08MTMkg=="
    },
    "https-proxy-agent": {
      "version": "5.0.0",
      "resolved": "https://registry.npmjs.org/https-proxy-agent/-/https-proxy-agent-5.0.0.tgz",
      "integrity": "sha512-EkYm5BcKUGiduxzSt3Eppko+PiNWNEpa4ySk9vTC6wDsQJW9rHSa+UhGNJoRYp7bz6Ht1eaRIa6QaJqO5rCFbA==",
      "requires": {
        "agent-base": "6",
        "debug": "4"
      }
    },
    "javascript-natural-sort": {
      "version": "0.7.1",
      "resolved": "https://registry.npmjs.org/javascript-natural-sort/-/javascript-natural-sort-0.7.1.tgz",
      "integrity": "sha512-nO6jcEfZWQXDhOiBtG2KvKyEptz7RVbpGP4vTD2hLBdmNQSsCiicO2Ioinv6UI4y9ukqnBpy+XZ9H6uLNgJTlw=="
    },
    "juration": {
      "version": "0.1.1",
      "resolved": "https://registry.npmjs.org/juration/-/juration-0.1.1.tgz",
      "integrity": "sha512-8Cp4YYf5eijpzwQKD+392tFbYMWbwZ73zUs+QnbBL0+a2R5StihoMaPCjU7n/70equ+acGVbN1R+Etzu7DfBXw=="
    },
    "lodash.flattendeep": {
      "version": "4.4.0",
      "resolved": "https://registry.npmjs.org/lodash.flattendeep/-/lodash.flattendeep-4.4.0.tgz",
      "integrity": "sha1-+wMJF/hqMTTlvJvsDWngAT3f7bI="
    },
    "lru_map": {
      "version": "0.3.3",
      "resolved": "https://registry.npmjs.org/lru_map/-/lru_map-0.3.3.tgz",
      "integrity": "sha1-tcg1G5Rky9dQM1p5ZQoOwOVhGN0="
    },
    "mathjs": {
      "version": "11.8.2",
      "resolved": "https://registry.npmjs.org/mathjs/-/mathjs-11.8.2.tgz",
      "integrity": "sha512-ZePu0oDbM0vuFExikIMY/9syjo/jbgNbX6ti+iMdaALDuxciMCsXIslGDBEn7QCpCWYBiVCYmc0lsmk5bwHBdQ==",
      "requires": {
        "@babel/runtime": "^7.22.5",
        "complex.js": "^2.1.1",
        "decimal.js": "^10.4.3",
        "escape-latex": "^1.2.0",
        "fraction.js": "^4.2.0",
        "javascript-natural-sort": "^0.7.1",
        "seedrandom": "^3.0.5",
        "tiny-emitter": "^2.1.0",
        "typed-function": "^4.1.0"
      }
    },
    "moment": {
      "version": "2.29.4",
      "resolved": "https://registry.npmjs.org/moment/-/moment-2.29.4.tgz",
      "integrity": "sha512-5LC9SOxjSc2HF6vO2CyuTDNivEdoz2IvyJJGj6X8DJ0eFyfszE0QiEd+iXmBvUP3WHxSjFH/vIsA0EN00cgr8w=="
    },
    "moment-duration-format": {
      "version": "2.3.2",
      "resolved": "https://registry.npmjs.org/moment-duration-format/-/moment-duration-format-2.3.2.tgz",
      "integrity": "sha512-cBMXjSW+fjOb4tyaVHuaVE/A5TqkukDWiOfxxAjY+PEqmmBQlLwn+8OzwPiG3brouXKY5Un4pBjAeB6UToXHaQ=="
    },
    "moment-timezone": {
      "version": "0.5.43",
      "resolved": "https://registry.npmjs.org/moment-timezone/-/moment-timezone-0.5.43.tgz",
      "integrity": "sha512-72j3aNyuIsDxdF1i7CEgV2FfxM1r6aaqJyLB2vwb33mXYyoyLly+F1zbWqhA3/bVIoJ4szlUoMbUnVdid32NUQ==",
      "requires": {
        "moment": "^2.29.4"
      }
    },
    "ms": {
      "version": "2.1.2",
      "resolved": "https://registry.npmjs.org/ms/-/ms-2.1.2.tgz",
      "integrity": "sha512-sGkPx+VjMtmA6MX27oA4FBFELFCZZ4S4XqeGOXCv68tT+jb3vk/RyaKWP0PTKyWtmLSM0b+adUTEvbs1PEaH2w=="
    },
    "parsimmon": {
      "version": "1.18.1",
      "resolved": "https://registry.npmjs.org/parsimmon/-/parsimmon-1.18.1.tgz",
      "integrity": "sha512-u7p959wLfGAhJpSDJVYXoyMCXWYwHia78HhRBWqk7AIbxdmlrfdp5wX0l3xv/iTSH5HvhN9K7o26hwwpgS5Nmw=="
    },
    "redis": {
      "version": "4.1.0",
      "resolved": "https://registry.npmjs.org/redis/-/redis-4.1.0.tgz",
      "integrity": "sha512-5hvJ8wbzpCCiuN1ges6tx2SAh2XXCY0ayresBmu40/SGusWHFW86TAlIPpbimMX2DFHOX7RN34G2XlPA1Z43zg==",
      "requires": {
        "@redis/bloom": "1.0.2",
        "@redis/client": "1.1.0",
        "@redis/graph": "1.0.1",
        "@redis/json": "1.0.3",
        "@redis/search": "1.0.6",
        "@redis/time-series": "1.0.3"
      }
    },
    "regenerator-runtime": {
      "version": "0.13.11",
      "resolved": "https://registry.npmjs.org/regenerator-runtime/-/regenerator-runtime-0.13.11.tgz",
      "integrity": "sha512-kY1AZVr2Ra+t+piVaJ4gxaFaReZVH40AKNo7UCX6W+dEwBo/2oZJzqfuN1qLq1oL45o56cPaTXELwrTh8Fpggg=="
    },
    "seedrandom": {
      "version": "3.0.5",
      "resolved": "https://registry.npmjs.org/seedrandom/-/seedrandom-3.0.5.tgz",
      "integrity": "sha512-8OwmbklUNzwezjGInmZ+2clQmExQPvomqjL7LFqOYqtmuxRgQYqOD3mHaU+MvZn5FLUeVxVfQjwLZW/n/JFuqg=="
    },
    "streamsearch": {
      "version": "1.1.0",
      "resolved": "https://registry.npmjs.org/streamsearch/-/streamsearch-1.1.0.tgz",
      "integrity": "sha512-Mcc5wHehp9aXz1ax6bZUyY5afg9u2rv5cqQI3mRrYkGC8rW2hM02jWuwjtL++LS5qinSyhj2QfLyNsuc+VsExg=="
    },
    "tiny-emitter": {
      "version": "2.1.0",
      "resolved": "https://registry.npmjs.org/tiny-emitter/-/tiny-emitter-2.1.0.tgz",
      "integrity": "sha512-NB6Dk1A9xgQPMoGqC5CVXn123gWyte215ONT5Pp5a0yt4nlEoO1ZWeCwpncaekPHXO60i47ihFnZPiRPjRMq4Q=="
    },
    "tslib": {
      "version": "1.14.1",
      "resolved": "https://registry.npmjs.org/tslib/-/tslib-1.14.1.tgz",
      "integrity": "sha512-Xni35NKzjgMrwevysHTCArtLDpPvye8zV/0E4EyYn43P7/7qvQwPh9BGkHewbMulVntbigmcT7rdX3BNo9wRJg=="
    },
    "typed-function": {
      "version": "4.1.0",
      "resolved": "https://registry.npmjs.org/typed-function/-/typed-function-4.1.0.tgz",
      "integrity": "sha512-DGwUl6cioBW5gw2L+6SMupGwH/kZOqivy17E4nsh1JI9fKF87orMmlQx3KISQPmg3sfnOUGlwVkroosvgddrlg=="
    },
    "typescript": {
      "version": "4.7.2",
      "resolved": "https://registry.npmjs.org/typescript/-/typescript-4.7.2.tgz",
      "integrity": "sha512-Mamb1iX2FDUpcTRzltPxgWMKy3fhg0TN378ylbktPGPK/99KbDtMQ4W1hwgsbPAsG3a0xKa1vmw4VKZQbkvz5A=="
    },
    "undici": {
      "version": "5.22.1",
      "resolved": "https://registry.npmjs.org/undici/-/undici-5.22.1.tgz",
      "integrity": "sha512-Ji2IJhFXZY0x/0tVBXeQwgPlLWw13GVzpsWPQ3rV50IFMMof2I55PZZxtm4P6iNq+L5znYN9nSTAq0ZyE6lSJw==",
      "requires": {
        "busboy": "^1.6.0"
      }
    },
    "ws": {
      "version": "8.6.0",
      "resolved": "https://registry.npmjs.org/ws/-/ws-8.6.0.tgz",
      "integrity": "sha512-AzmM3aH3gk0aX7/rZLYvjdvZooofDu3fFOzGqcSnQ1tOcTWwhM/o+q++E8mAyVVIyUdajrkzWUGftaVSDLn1bw==",
      "requires": {}
    },
    "yallist": {
      "version": "4.0.0",
      "resolved": "https://registry.npmjs.org/yallist/-/yallist-4.0.0.tgz",
      "integrity": "sha512-3wdGidZyq5PB084XLES5TpOSRA3wjXAlIWMhum2kRcv/41Sn2emQ0dycQW4uZXLejwKvg6EsvbdlVL+FYEct7A=="
    }
  }
}
